
Microsoft Visual Studio Solution File, Format Version 12.00
# Visual Studio 2012
Project("{2150E333-8FDC-42A3-9474-1A3956D46DE8}") = "Project", "Project", "{9E89EBEE-7191-4896-9847-494C211B1E2E}"
EndProject
Project("{2150E333-8FDC-42A3-9474-1A3956D46DE8}") = "Webpage", "Webpage", "{C640F12B-6239-48FF-8118-86133801CC29}"
	ProjectSection(SolutionItems) = preProject
		index.html = index.html
	EndProjectSection
EndProject
Project("{2150E333-8FDC-42A3-9474-1A3956D46DE8}") = "Styles", "Styles", "{11F01568-A3C1-4702-A78B-C9945080DC2F}"
	ProjectSection(SolutionItems) = preProject
		Webpage\Styles\Default.css = Webpage\Styles\Default.css
		Webpage\Styles\Fonts.css = Webpage\Styles\Fonts.css
		Webpage\Styles\Main.css = Webpage\Styles\Main.css
		Webpage\Styles\Styles.css = Webpage\Styles\Styles.css
	EndProjectSection
EndProject
Project("{2150E333-8FDC-42A3-9474-1A3956D46DE8}") = "Scripts", "Scripts", "{F2605759-B481-4E91-A1F2-BF6933B9D601}"
EndProject
Project("{2150E333-8FDC-42A3-9474-1A3956D46DE8}") = "Mods", "Mods", "{398EC6CA-8E60-4CA5-8100-35EB8C571269}"
	ProjectSection(SolutionItems) = preProject
		Mods\index.html = Mods\index.html
	EndProjectSection
EndProject
Project("{2150E333-8FDC-42A3-9474-1A3956D46DE8}") = "Games", "Games", "{7F63E8FD-00D2-40AC-8151-A946489B775F}"
	ProjectSection(SolutionItems) = preProject
		Games\index.html = Games\index.html
	EndProjectSection
EndProject
Project("{2150E333-8FDC-42A3-9474-1A3956D46DE8}") = "Blog", "Blog", "{218DC392-6928-42A4-B565-7A2AD8F0918A}"
	ProjectSection(SolutionItems) = preProject
		Blog\index.html = Blog\index.html
	EndProjectSection
EndProject
Project("{2150E333-8FDC-42A3-9474-1A3956D46DE8}") = "Programs", "Programs", "{3E9ACD84-76AB-4C6B-80CF-06B829B4CB9D}"
	ProjectSection(SolutionItems) = preProject
		Programs\index.html = Programs\index.html
	EndProjectSection
EndProject
Global
	GlobalSection(SolutionProperties) = preSolution
		HideSolutionNode = FALSE
	EndGlobalSection
	GlobalSection(NestedProjects) = preSolution
		{C640F12B-6239-48FF-8118-86133801CC29} = {9E89EBEE-7191-4896-9847-494C211B1E2E}
		{11F01568-A3C1-4702-A78B-C9945080DC2F} = {C640F12B-6239-48FF-8118-86133801CC29}
		{F2605759-B481-4E91-A1F2-BF6933B9D601} = {C640F12B-6239-48FF-8118-86133801CC29}
		{398EC6CA-8E60-4CA5-8100-35EB8C571269} = {C640F12B-6239-48FF-8118-86133801CC29}
		{7F63E8FD-00D2-40AC-8151-A946489B775F} = {C640F12B-6239-48FF-8118-86133801CC29}
		{218DC392-6928-42A4-B565-7A2AD8F0918A} = {C640F12B-6239-48FF-8118-86133801CC29}
		{3E9ACD84-76AB-4C6B-80CF-06B829B4CB9D} = {C640F12B-6239-48FF-8118-86133801CC29}
	EndGlobalSection
EndGlobal
