
Microsoft Visual Studio Solution File, Format Version 12.00
# Visual Studio 2012
Project("{2150E333-8FDC-42A3-9474-1A3956D46DE8}") = "Project", "Project", "{9E89EBEE-7191-4896-9847-494C211B1E2E}"
EndProject
Project("{2150E333-8FDC-42A3-9474-1A3956D46DE8}") = "Misc", "Misc", "{D741B52E-A096-4B69-B9FC-E987D0E7EA9F}"
	ProjectSection(SolutionItems) = preProject
		Misc\HowToLoad.js = Misc\HowToLoad.js
		Sound Sources.txt = Sound Sources.txt
	EndProjectSection
EndProject
Project("{2150E333-8FDC-42A3-9474-1A3956D46DE8}") = "Scripts", "Scripts", "{85C8FD63-C030-4F05-B550-C1BB704A187C}"
	ProjectSection(SolutionItems) = preProject
		Scripts\TriggerNotify.js = Scripts\TriggerNotify.js
	EndProjectSection
EndProject
Project("{2150E333-8FDC-42A3-9474-1A3956D46DE8}") = "Styles", "Styles", "{CFA241F9-1184-4173-8313-FFA6E69964BF}"
	ProjectSection(SolutionItems) = preProject
		Styles\TriggerNotify.css = Styles\TriggerNotify.css
	EndProjectSection
EndProject
Project("{2150E333-8FDC-42A3-9474-1A3956D46DE8}") = "Webpage", "Webpage", "{C640F12B-6239-48FF-8118-86133801CC29}"
EndProject
Project("{2150E333-8FDC-42A3-9474-1A3956D46DE8}") = "Styles", "Styles", "{11F01568-A3C1-4702-A78B-C9945080DC2F}"
EndProject
Project("{2150E333-8FDC-42A3-9474-1A3956D46DE8}") = "Kittens Game", "Kittens Game", "{9BC08B47-4205-4437-A040-0A263FDB48C0}"
	ProjectSection(SolutionItems) = preProject
		Kittens Game\achievements.js = Kittens Game\achievements.js
		Kittens Game\buildings.js = Kittens Game\buildings.js
		Kittens Game\calendar.js = Kittens Game\calendar.js
		Kittens Game\core.js = Kittens Game\core.js
		Kittens Game\diplomacy.js = Kittens Game\diplomacy.js
		Kittens Game\game.js = Kittens Game\game.js
		Kittens Game\prestige.js = Kittens Game\prestige.js
		Kittens Game\religeon.js = Kittens Game\religeon.js
		Kittens Game\resources.js = Kittens Game\resources.js
		Kittens Game\science.js = Kittens Game\science.js
		Kittens Game\space.js = Kittens Game\space.js
		Kittens Game\village.js = Kittens Game\village.js
		Kittens Game\workshop.js = Kittens Game\workshop.js
	EndProjectSection
EndProject
Global
	GlobalSection(SolutionProperties) = preSolution
		HideSolutionNode = FALSE
	EndGlobalSection
	GlobalSection(NestedProjects) = preSolution
		{D741B52E-A096-4B69-B9FC-E987D0E7EA9F} = {9E89EBEE-7191-4896-9847-494C211B1E2E}
		{85C8FD63-C030-4F05-B550-C1BB704A187C} = {9E89EBEE-7191-4896-9847-494C211B1E2E}
		{C640F12B-6239-48FF-8118-86133801CC29} = {9E89EBEE-7191-4896-9847-494C211B1E2E}
		{9BC08B47-4205-4437-A040-0A263FDB48C0} = {9E89EBEE-7191-4896-9847-494C211B1E2E}
		{CFA241F9-1184-4173-8313-FFA6E69964BF} = {85C8FD63-C030-4F05-B550-C1BB704A187C}
		{11F01568-A3C1-4702-A78B-C9945080DC2F} = {C640F12B-6239-48FF-8118-86133801CC29}
	EndGlobalSection
EndGlobal
